<Solution>
<<<<<<< HEAD
  <Folder Name="/SharedKernel/" />
  <Folder Name="/SharedKernel/Shared/" />
  <Folder Name="/SharedKernel/Shared/Errors/">
    <File Path="RefreshTokenError.cs" />
  </Folder>
=======
  <Folder Name="/Shared/" />
  <Folder Name="/Shared/Errors/" />
>>>>>>> 4fece4006fdd198d575e376a602d69f8a6250f74
  <Project Path="LMS.API/LMS.API.csproj" />
  <Project Path="LMS.Application/LMS.Application.csproj" />
  <Project Path="LMS.Domain/LMS.Domain.csproj" />
  <Project Path="LMS.Infrastructure/LMS.Infrastructure.csproj" />
  <Project Path="SharedKernel/SharedKernel.csproj" Id="b70ee290-19b0-49cb-9faa-44a301556c4a" />
</Solution>
